
Microsoft Visual Studio Solution File, Format Version 12.00
# Visual Studio Version 16
VisualStudioVersion = 16.0.29403.142
MinimumVisualStudioVersion = 10.0.40219.1
Project("{FAE04EC0-301F-11D3-BF4B-00C04F79EFBC}") = "KonyvespolcApp", "KonyvespolcApp\KonyvespolcApp.csproj", "{6C2ED007-2107-4E44-AC41-A8329B92D10F}"
EndProject
Global
	GlobalSection(SolutionConfigurationPlatforms) = preSolution
		Debug|Any CPU = Debug|Any CPU
		Release|Any CPU = Release|Any CPU
	EndGlobalSection
	GlobalSection(ProjectConfigurationPlatforms) = postSolution
		{6C2ED007-2107-4E44-AC41-A8329B92D10F}.Debug|Any CPU.ActiveCfg = Debug|Any CPU
		{6C2ED007-2107-4E44-AC41-A8329B92D10F}.Debug|Any CPU.Build.0 = Debug|Any CPU
		{6C2ED007-2107-4E44-AC41-A8329B92D10F}.Release|Any CPU.ActiveCfg = Release|Any CPU
		{6C2ED007-2107-4E44-AC41-A8329B92D10F}.Release|Any CPU.Build.0 = Release|Any CPU
	EndGlobalSection
	GlobalSection(SolutionProperties) = preSolution
		HideSolutionNode = FALSE
	EndGlobalSection
	GlobalSection(ExtensibilityGlobals) = postSolution
		SolutionGuid = {CC95A2E8-BFDC-42FE-B683-FD6851926A8F}
	EndGlobalSection
EndGlobal
